Microsoft Visual Studio Solution File, Format Version 12.00
# Visual Studio Version 17
VisualStudioVersion = 17.5.2.0
MinimumVisualStudioVersion = 10.0.40219.1
Project("{FAE04EC0-301F-11D3-BF4B-00C04F79EFBC}") = "Follower", "Follower.csproj", "{FD938BC7-1EEE-3AAB-E341-80689D86FCD5}"
EndProject
Global
	GlobalSection(SolutionConfigurationPlatforms) = preSolution
		Debug|Any CPU = Debug|Any CPU
		Release|Any CPU = Release|Any CPU
	EndGlobalSection
	GlobalSection(ProjectConfigurationPlatforms) = postSolution
		{FD938BC7-1EEE-3AAB-E341-80689D86FCD5}.Debug|Any CPU.ActiveCfg = Debug|Any CPU
		{FD938BC7-1EEE-3AAB-E341-80689D86FCD5}.Debug|Any CPU.Build.0 = Debug|Any CPU
		{FD938BC7-1EEE-3AAB-E341-80689D86FCD5}.Release|Any CPU.ActiveCfg = Release|Any CPU
		{FD938BC7-1EEE-3AAB-E341-80689D86FCD5}.Release|Any CPU.Build.0 = Release|Any CPU
	EndGlobalSection
	GlobalSection(SolutionProperties) = preSolution
		HideSolutionNode = FALSE
	EndGlobalSection
	GlobalSection(ExtensibilityGlobals) = postSolution
		SolutionGuid = {1502F9FA-D6A9-4B69-BC45-F537358D932A}
	EndGlobalSection
EndGlobal
